
Microsoft Visual Studio Solution File, Format Version 12.00
# Visual Studio 15
VisualStudioVersion = 15.0.27428.2037
MinimumVisualStudioVersion = 10.0.40219.1
Project("{A07B5EB6-E848-4116-A8D0-A826331D98C6}") = "sf_WebAppContainert", "sf-WebAppContainert\sf_WebAppContainert.sfproj", "{B4ABB4AB-20E0-4EEA-8B25-3A012C968036}"
EndProject
Project("{FAE04EC0-301F-11D3-BF4B-00C04F79EFBC}") = "SampleWebApp", "SampleWebApp\SampleWebApp.csproj", "{9F930282-03FC-463A-B4B0-A8822A37B0C3}"
EndProject
Project("{FAE04EC0-301F-11D3-BF4B-00C04F79EFBC}") = "SampleWebApp.Tests", "SampleWebApp.Tests\SampleWebApp.Tests.csproj", "{ABC36B87-E871-42CA-8CFD-FF3B78A2B46F}"
EndProject
Project("{E53339B2-1760-4266-BCC7-CA923CBCF16C}") = "docker-compose", "docker-compose.dcproj", "{671E5786-7655-4CCA-963B-DED74B05AFC6}"
EndProject
Global
	GlobalSection(SolutionConfigurationPlatforms) = preSolution
		Debug|Any CPU = Debug|Any CPU
		Debug|x64 = Debug|x64
		Release|Any CPU = Release|Any CPU
		Release|x64 = Release|x64
	EndGlobalSection
	GlobalSection(ProjectConfigurationPlatforms) = postSolution
		{B4ABB4AB-20E0-4EEA-8B25-3A012C968036}.Debug|Any CPU.ActiveCfg = Debug|x64
		{B4ABB4AB-20E0-4EEA-8B25-3A012C968036}.Debug|x64.ActiveCfg = Debug|x64
		{B4ABB4AB-20E0-4EEA-8B25-3A012C968036}.Debug|x64.Build.0 = Debug|x64
		{B4ABB4AB-20E0-4EEA-8B25-3A012C968036}.Debug|x64.Deploy.0 = Debug|x64
		{B4ABB4AB-20E0-4EEA-8B25-3A012C968036}.Release|Any CPU.ActiveCfg = Release|x64
		{B4ABB4AB-20E0-4EEA-8B25-3A012C968036}.Release|x64.ActiveCfg = Release|x64
		{B4ABB4AB-20E0-4EEA-8B25-3A012C968036}.Release|x64.Build.0 = Release|x64
		{B4ABB4AB-20E0-4EEA-8B25-3A012C968036}.Release|x64.Deploy.0 = Release|x64
		{9F930282-03FC-463A-B4B0-A8822A37B0C3}.Debug|Any CPU.ActiveCfg = Debug|Any CPU
		{9F930282-03FC-463A-B4B0-A8822A37B0C3}.Debug|Any CPU.Build.0 = Debug|Any CPU
		{9F930282-03FC-463A-B4B0-A8822A37B0C3}.Debug|x64.ActiveCfg = Debug|Any CPU
		{9F930282-03FC-463A-B4B0-A8822A37B0C3}.Debug|x64.Build.0 = Debug|Any CPU
		{9F930282-03FC-463A-B4B0-A8822A37B0C3}.Release|Any CPU.ActiveCfg = Release|Any CPU
		{9F930282-03FC-463A-B4B0-A8822A37B0C3}.Release|Any CPU.Build.0 = Release|Any CPU
		{9F930282-03FC-463A-B4B0-A8822A37B0C3}.Release|x64.ActiveCfg = Release|Any CPU
		{9F930282-03FC-463A-B4B0-A8822A37B0C3}.Release|x64.Build.0 = Release|Any CPU
		{ABC36B87-E871-42CA-8CFD-FF3B78A2B46F}.Debug|Any CPU.ActiveCfg = Debug|Any CPU
		{ABC36B87-E871-42CA-8CFD-FF3B78A2B46F}.Debug|Any CPU.Build.0 = Debug|Any CPU
		{ABC36B87-E871-42CA-8CFD-FF3B78A2B46F}.Debug|x64.ActiveCfg = Debug|Any CPU
		{ABC36B87-E871-42CA-8CFD-FF3B78A2B46F}.Debug|x64.Build.0 = Debug|Any CPU
		{ABC36B87-E871-42CA-8CFD-FF3B78A2B46F}.Release|Any CPU.ActiveCfg = Release|Any CPU
		{ABC36B87-E871-42CA-8CFD-FF3B78A2B46F}.Release|Any CPU.Build.0 = Release|Any CPU
		{ABC36B87-E871-42CA-8CFD-FF3B78A2B46F}.Release|x64.ActiveCfg = Release|Any CPU
		{ABC36B87-E871-42CA-8CFD-FF3B78A2B46F}.Release|x64.Build.0 = Release|Any CPU
		{671E5786-7655-4CCA-963B-DED74B05AFC6}.Debug|Any CPU.ActiveCfg = Debug|Any CPU
		{671E5786-7655-4CCA-963B-DED74B05AFC6}.Debug|Any CPU.Build.0 = Debug|Any CPU
		{671E5786-7655-4CCA-963B-DED74B05AFC6}.Debug|x64.ActiveCfg = Debug|Any CPU
		{671E5786-7655-4CCA-963B-DED74B05AFC6}.Debug|x64.Build.0 = Debug|Any CPU
		{671E5786-7655-4CCA-963B-DED74B05AFC6}.Release|Any CPU.ActiveCfg = Release|Any CPU
		{671E5786-7655-4CCA-963B-DED74B05AFC6}.Release|Any CPU.Build.0 = Release|Any CPU
		{671E5786-7655-4CCA-963B-DED74B05AFC6}.Release|x64.ActiveCfg = Release|Any CPU
		{671E5786-7655-4CCA-963B-DED74B05AFC6}.Release|x64.Build.0 = Release|Any CPU
	EndGlobalSection
	GlobalSection(SolutionProperties) = preSolution
		HideSolutionNode = FALSE
	EndGlobalSection
	GlobalSection(ExtensibilityGlobals) = postSolution
		SolutionGuid = {DD2531C1-77D7-4C56-B2ED-7E8646A4CB2C}
	EndGlobalSection
EndGlobal
