
Microsoft Visual Studio Solution File, Format Version 12.00
# Visual Studio 15
VisualStudioVersion = 15.0.27703.2000
MinimumVisualStudioVersion = 10.0.40219.1
Project("{FAE04EC0-301F-11D3-BF4B-00C04F79EFBC}") = "WebApplication1", "WebApplication1\WebApplication1.csproj", "{881B567F-317D-42D8-A44B-302C622A7EA1}"
EndProject
Project("{A07B5EB6-E848-4116-A8D0-A826331D98C6}") = "SampleApplication", "..\SampleApplication\SampleApplication.sfproj", "{2D81D71B-1A31-4AE8-94D3-C3E33018D03B}"
EndProject
Project("{FAE04EC0-301F-11D3-BF4B-00C04F79EFBC}") = "SampleWebAppIIS.Tests", "WebApplication1.Tests\SampleWebAppIIS.Tests.csproj", "{9039FAFD-2F26-40E2-8943-012E8441ABE9}"
EndProject
Global
	GlobalSection(SolutionConfigurationPlatforms) = preSolution
		Debug|Any CPU = Debug|Any CPU
		Debug|x64 = Debug|x64
		Release|Any CPU = Release|Any CPU
		Release|x64 = Release|x64
	EndGlobalSection
	GlobalSection(ProjectConfigurationPlatforms) = postSolution
		{881B567F-317D-42D8-A44B-302C622A7EA1}.Debug|Any CPU.ActiveCfg = Debug|Any CPU
		{881B567F-317D-42D8-A44B-302C622A7EA1}.Debug|Any CPU.Build.0 = Debug|Any CPU
		{881B567F-317D-42D8-A44B-302C622A7EA1}.Debug|x64.ActiveCfg = Debug|Any CPU
		{881B567F-317D-42D8-A44B-302C622A7EA1}.Debug|x64.Build.0 = Debug|Any CPU
		{881B567F-317D-42D8-A44B-302C622A7EA1}.Release|Any CPU.ActiveCfg = Release|Any CPU
		{881B567F-317D-42D8-A44B-302C622A7EA1}.Release|Any CPU.Build.0 = Release|Any CPU
		{881B567F-317D-42D8-A44B-302C622A7EA1}.Release|x64.ActiveCfg = Release|Any CPU
		{881B567F-317D-42D8-A44B-302C622A7EA1}.Release|x64.Build.0 = Release|Any CPU
		{2D81D71B-1A31-4AE8-94D3-C3E33018D03B}.Debug|Any CPU.ActiveCfg = Debug|x64
		{2D81D71B-1A31-4AE8-94D3-C3E33018D03B}.Debug|x64.ActiveCfg = Debug|x64
		{2D81D71B-1A31-4AE8-94D3-C3E33018D03B}.Debug|x64.Build.0 = Debug|x64
		{2D81D71B-1A31-4AE8-94D3-C3E33018D03B}.Debug|x64.Deploy.0 = Debug|x64
		{2D81D71B-1A31-4AE8-94D3-C3E33018D03B}.Release|Any CPU.ActiveCfg = Release|x64
		{2D81D71B-1A31-4AE8-94D3-C3E33018D03B}.Release|x64.ActiveCfg = Release|x64
		{2D81D71B-1A31-4AE8-94D3-C3E33018D03B}.Release|x64.Build.0 = Release|x64
		{2D81D71B-1A31-4AE8-94D3-C3E33018D03B}.Release|x64.Deploy.0 = Release|x64
		{9039FAFD-2F26-40E2-8943-012E8441ABE9}.Debug|Any CPU.ActiveCfg = Debug|Any CPU
		{9039FAFD-2F26-40E2-8943-012E8441ABE9}.Debug|Any CPU.Build.0 = Debug|Any CPU
		{9039FAFD-2F26-40E2-8943-012E8441ABE9}.Debug|x64.ActiveCfg = Debug|Any CPU
		{9039FAFD-2F26-40E2-8943-012E8441ABE9}.Debug|x64.Build.0 = Debug|Any CPU
		{9039FAFD-2F26-40E2-8943-012E8441ABE9}.Release|Any CPU.ActiveCfg = Release|Any CPU
		{9039FAFD-2F26-40E2-8943-012E8441ABE9}.Release|Any CPU.Build.0 = Release|Any CPU
		{9039FAFD-2F26-40E2-8943-012E8441ABE9}.Release|x64.ActiveCfg = Release|Any CPU
		{9039FAFD-2F26-40E2-8943-012E8441ABE9}.Release|x64.Build.0 = Release|Any CPU
	EndGlobalSection
	GlobalSection(SolutionProperties) = preSolution
		HideSolutionNode = FALSE
	EndGlobalSection
	GlobalSection(ExtensibilityGlobals) = postSolution
		SolutionGuid = {3EE2C3F5-0EA6-4D29-8406-D3F17EBD1D19}
	EndGlobalSection
EndGlobal
