
Microsoft Visual Studio Solution File, Format Version 12.00
# Visual Studio 15
VisualStudioVersion = 15.0.27428.2037
MinimumVisualStudioVersion = 10.0.40219.1
Project("{FAE04EC0-301F-11D3-BF4B-00C04F79EFBC}") = "TestBuildWithoutDocker", "TestBuildWithoutDocker\TestBuildWithoutDocker.csproj", "{3CBD9F01-092A-43BA-A646-8FE5810AAD12}"
EndProject
Project("{FAE04EC0-301F-11D3-BF4B-00C04F79EFBC}") = "TestBuildWithoutDocker.Tests", "TestBuildWithoutDocker.Tests\TestBuildWithoutDocker.Tests.csproj", "{CE959DCA-3846-4D63-8506-F552B7EB58EA}"
EndProject
Global
	GlobalSection(SolutionConfigurationPlatforms) = preSolution
		Debug|Any CPU = Debug|Any CPU
		Release|Any CPU = Release|Any CPU
	EndGlobalSection
	GlobalSection(ProjectConfigurationPlatforms) = postSolution
		{3CBD9F01-092A-43BA-A646-8FE5810AAD12}.Debug|Any CPU.ActiveCfg = Debug|Any CPU
		{3CBD9F01-092A-43BA-A646-8FE5810AAD12}.Debug|Any CPU.Build.0 = Debug|Any CPU
		{3CBD9F01-092A-43BA-A646-8FE5810AAD12}.Release|Any CPU.ActiveCfg = Release|Any CPU
		{3CBD9F01-092A-43BA-A646-8FE5810AAD12}.Release|Any CPU.Build.0 = Release|Any CPU
		{CE959DCA-3846-4D63-8506-F552B7EB58EA}.Debug|Any CPU.ActiveCfg = Debug|Any CPU
		{CE959DCA-3846-4D63-8506-F552B7EB58EA}.Debug|Any CPU.Build.0 = Debug|Any CPU
		{CE959DCA-3846-4D63-8506-F552B7EB58EA}.Release|Any CPU.ActiveCfg = Release|Any CPU
		{CE959DCA-3846-4D63-8506-F552B7EB58EA}.Release|Any CPU.Build.0 = Release|Any CPU
	EndGlobalSection
	GlobalSection(SolutionProperties) = preSolution
		HideSolutionNode = FALSE
	EndGlobalSection
	GlobalSection(ExtensibilityGlobals) = postSolution
		SolutionGuid = {8D7B23C3-C79F-433B-977B-B086FA454D06}
	EndGlobalSection
EndGlobal
