
Microsoft Visual Studio Solution File, Format Version 12.00
# Visual Studio 15
VisualStudioVersion = 15.0.27428.2037
MinimumVisualStudioVersion = 10.0.40219.1
Project("{FAE04EC0-301F-11D3-BF4B-00C04F79EFBC}") = "SampleWebAppIIS", "SampleWebAppIIS\SampleWebAppIIS.csproj", "{CD881125-C2FF-4F0F-A412-AF86BC46912F}"
EndProject
Project("{FAE04EC0-301F-11D3-BF4B-00C04F79EFBC}") = "SampleWebAppIIS.Tests", "SampleWebAppIIS.Tests\SampleWebAppIIS.Tests.csproj", "{9039FAFD-2F26-40E2-8943-012E8441ABE9}"
EndProject
Project("{E53339B2-1760-4266-BCC7-CA923CBCF16C}") = "docker-compose", "docker-compose.dcproj", "{6331C3F7-9E81-4D16-9C2A-5DD149B19A40}"
EndProject
Global
	GlobalSection(SolutionConfigurationPlatforms) = preSolution
		Debug|Any CPU = Debug|Any CPU
		Release|Any CPU = Release|Any CPU
	EndGlobalSection
	GlobalSection(ProjectConfigurationPlatforms) = postSolution
		{CD881125-C2FF-4F0F-A412-AF86BC46912F}.Debug|Any CPU.ActiveCfg = Debug|Any CPU
		{CD881125-C2FF-4F0F-A412-AF86BC46912F}.Debug|Any CPU.Build.0 = Debug|Any CPU
		{CD881125-C2FF-4F0F-A412-AF86BC46912F}.Release|Any CPU.ActiveCfg = Release|Any CPU
		{CD881125-C2FF-4F0F-A412-AF86BC46912F}.Release|Any CPU.Build.0 = Release|Any CPU
		{9039FAFD-2F26-40E2-8943-012E8441ABE9}.Debug|Any CPU.ActiveCfg = Debug|Any CPU
		{9039FAFD-2F26-40E2-8943-012E8441ABE9}.Debug|Any CPU.Build.0 = Debug|Any CPU
		{9039FAFD-2F26-40E2-8943-012E8441ABE9}.Release|Any CPU.ActiveCfg = Release|Any CPU
		{9039FAFD-2F26-40E2-8943-012E8441ABE9}.Release|Any CPU.Build.0 = Release|Any CPU
		{6331C3F7-9E81-4D16-9C2A-5DD149B19A40}.Debug|Any CPU.ActiveCfg = Debug|Any CPU
		{6331C3F7-9E81-4D16-9C2A-5DD149B19A40}.Debug|Any CPU.Build.0 = Debug|Any CPU
		{6331C3F7-9E81-4D16-9C2A-5DD149B19A40}.Release|Any CPU.ActiveCfg = Release|Any CPU
		{6331C3F7-9E81-4D16-9C2A-5DD149B19A40}.Release|Any CPU.Build.0 = Release|Any CPU
	EndGlobalSection
	GlobalSection(SolutionProperties) = preSolution
		HideSolutionNode = FALSE
	EndGlobalSection
	GlobalSection(ExtensibilityGlobals) = postSolution
		SolutionGuid = {51725FD1-532F-45AC-AF21-D9D1FFF42406}
	EndGlobalSection
EndGlobal
