
Microsoft Visual Studio Solution File, Format Version 12.00
# Visual Studio 15
VisualStudioVersion = 15.0.27428.2037
MinimumVisualStudioVersion = 10.0.40219.1
Project("{A07B5EB6-E848-4116-A8D0-A826331D98C6}") = "testBuildSF", "testBuildSF\testBuildSF.sfproj", "{4445FEE8-7251-4230-8E43-0E832871D592}"
EndProject
Project("{FAE04EC0-301F-11D3-BF4B-00C04F79EFBC}") = "SampleWebAppCore2", "SampleWebAppCore2\SampleWebAppCore2.csproj", "{AC071DC9-13A7-4FD0-A59C-19DC0BF166B0}"
EndProject
Project("{E53339B2-1760-4266-BCC7-CA923CBCF16C}") = "docker-compose", "docker-compose.dcproj", "{03881DE2-C1CB-4478-B412-5038C7C988A7}"
EndProject
Global
	GlobalSection(SolutionConfigurationPlatforms) = preSolution
		Debug|Any CPU = Debug|Any CPU
		Debug|x64 = Debug|x64
		Release|Any CPU = Release|Any CPU
		Release|x64 = Release|x64
	EndGlobalSection
	GlobalSection(ProjectConfigurationPlatforms) = postSolution
		{4445FEE8-7251-4230-8E43-0E832871D592}.Debug|Any CPU.ActiveCfg = Debug|x64
		{4445FEE8-7251-4230-8E43-0E832871D592}.Debug|x64.ActiveCfg = Debug|x64
		{4445FEE8-7251-4230-8E43-0E832871D592}.Debug|x64.Build.0 = Debug|x64
		{4445FEE8-7251-4230-8E43-0E832871D592}.Debug|x64.Deploy.0 = Debug|x64
		{4445FEE8-7251-4230-8E43-0E832871D592}.Release|Any CPU.ActiveCfg = Release|x64
		{4445FEE8-7251-4230-8E43-0E832871D592}.Release|x64.ActiveCfg = Release|x64
		{4445FEE8-7251-4230-8E43-0E832871D592}.Release|x64.Build.0 = Release|x64
		{4445FEE8-7251-4230-8E43-0E832871D592}.Release|x64.Deploy.0 = Release|x64
		{AC071DC9-13A7-4FD0-A59C-19DC0BF166B0}.Debug|Any CPU.ActiveCfg = Debug|Any CPU
		{AC071DC9-13A7-4FD0-A59C-19DC0BF166B0}.Debug|Any CPU.Build.0 = Debug|Any CPU
		{AC071DC9-13A7-4FD0-A59C-19DC0BF166B0}.Debug|x64.ActiveCfg = Debug|Any CPU
		{AC071DC9-13A7-4FD0-A59C-19DC0BF166B0}.Debug|x64.Build.0 = Debug|Any CPU
		{AC071DC9-13A7-4FD0-A59C-19DC0BF166B0}.Release|Any CPU.ActiveCfg = Release|Any CPU
		{AC071DC9-13A7-4FD0-A59C-19DC0BF166B0}.Release|Any CPU.Build.0 = Release|Any CPU
		{AC071DC9-13A7-4FD0-A59C-19DC0BF166B0}.Release|x64.ActiveCfg = Release|Any CPU
		{AC071DC9-13A7-4FD0-A59C-19DC0BF166B0}.Release|x64.Build.0 = Release|Any CPU
		{03881DE2-C1CB-4478-B412-5038C7C988A7}.Debug|Any CPU.ActiveCfg = Debug|Any CPU
		{03881DE2-C1CB-4478-B412-5038C7C988A7}.Debug|Any CPU.Build.0 = Debug|Any CPU
		{03881DE2-C1CB-4478-B412-5038C7C988A7}.Debug|x64.ActiveCfg = Debug|Any CPU
		{03881DE2-C1CB-4478-B412-5038C7C988A7}.Debug|x64.Build.0 = Debug|Any CPU
		{03881DE2-C1CB-4478-B412-5038C7C988A7}.Release|Any CPU.ActiveCfg = Release|Any CPU
		{03881DE2-C1CB-4478-B412-5038C7C988A7}.Release|Any CPU.Build.0 = Release|Any CPU
		{03881DE2-C1CB-4478-B412-5038C7C988A7}.Release|x64.ActiveCfg = Release|Any CPU
		{03881DE2-C1CB-4478-B412-5038C7C988A7}.Release|x64.Build.0 = Release|Any CPU
	EndGlobalSection
	GlobalSection(SolutionProperties) = preSolution
		HideSolutionNode = FALSE
	EndGlobalSection
	GlobalSection(ExtensibilityGlobals) = postSolution
		SolutionGuid = {15F29267-7892-44AD-BD94-7C0D56BA873F}
	EndGlobalSection
EndGlobal
